// !$*UTF8*$!
{
	archiveVersion = 1;
	classes = {
	};
	objectVersion = 50;
	objects = {

/* Begin PBXBuildFile section */
		818FB889269C1E2E00FA5B84 /* AppDelegate.swift in Sources */ = {isa = PBXBuildFile; fileRef = 818FB888269C1E2E00FA5B84 /* AppDelegate.swift */; };
		818FB88D269C1E2E00FA5B84 /* ViewController.swift in Sources */ = {isa = PBXBuildFile; fileRef = 818FB88C269C1E2E00FA5B84 /* ViewController.swift */; };
		818FB890269C1E2E00FA5B84 /* Main.storyboard in Resources */ = {isa = PBXBuildFile; fileRef = 818FB88E269C1E2E00FA5B84 /* Main.storyboard */; };
		818FB892269C1E2F00FA5B84 /* Assets.xcassets in Resources */ = {isa = PBXBuildFile; fileRef = 818FB891269C1E2F00FA5B84 /* Assets.xcassets */; };
		818FB895269C1E2F00FA5B84 /* LaunchScreen.storyboard in Resources */ = {isa = PBXBuildFile; fileRef = 818FB893269C1E2F00FA5B84 /* LaunchScreen.storyboard */; };
		818FB89D269C1FBC00FA5B84 /* MediaPlayerProtocol.swift in Sources */ = {isa = PBXBuildFile; fileRef = 818FB89C269C1FBC00FA5B84 /* MediaPlayerProtocol.swift */; };
		818FB89F269C4F6300FA5B84 /* MediaPlayerViewProtocol.swift in Sources */ = {isa = PBXBuildFile; fileRef = 818FB89E269C4F6300FA5B84 /* MediaPlayerViewProtocol.swift */; };
/* End PBXBuildFile section */

/* Begin PBXFileReference section */
		818FB885269C1E2E00FA5B84 /* MediaPlayerDemo.app */ = {isa = PBXFileReference; explicitFileType = wrapper.application; includeInIndex = 0; path = MediaPlayerDemo.app; sourceTree = BUILT_PRODUCTS_DIR; };
		818FB888269C1E2E00FA5B84 /* AppDelegate.swift */ = {isa = PBXFileReference; lastKnownFileType = sourcecode.swift; path = AppDelegate.swift; sourceTree = "<group>"; };
		818FB88C269C1E2E00FA5B84 /* ViewController.swift */ = {isa = PBXFileReference; lastKnownFileType = sourcecode.swift; path = ViewController.swift; sourceTree = "<group>"; };
		818FB88F269C1E2E00FA5B84 /* Base */ = {isa = PBXFileReference; lastKnownFileType = file.storyboard; name = Base; path = Base.lproj/Main.storyboard; sourceTree = "<group>"; };
		818FB891269C1E2F00FA5B84 /* Assets.xcassets */ = {isa = PBXFileReference; lastKnownFileType = folder.assetcatalog; path = Assets.xcassets; sourceTree = "<group>"; };
		818FB894269C1E2F00FA5B84 /* Base */ = {isa = PBXFileReference; lastKnownFileType = file.storyboard; name = Base; path = Base.lproj/LaunchScreen.storyboard; sourceTree = "<group>"; };
		818FB896269C1E2F00FA5B84 /* Info.plist */ = {isa = PBXFileReference; lastKnownFileType = text.plist.xml; path = Info.plist; sourceTree = "<group>"; };
		818FB89C269C1FBC00FA5B84 /* MediaPlayerProtocol.swift */ = {isa = PBXFileReference; lastKnownFileType = sourcecode.swift; path = MediaPlayerProtocol.swift; sourceTree = "<group>"; };
		818FB89E269C4F6300FA5B84 /* MediaPlayerViewProtocol.swift */ = {isa = PBXFileReference; lastKnownFileType = sourcecode.swift; path = MediaPlayerViewProtocol.swift; sourceTree = "<group>"; };
/* End PBXFileReference section */

/* Begin PBXFrameworksBuildPhase section */
		818FB882269C1E2E00FA5B84 /* Frameworks */ = {
			isa = PBXFrameworksBuildPhase;
			buildActionMask = 2147483647;
			files = (
			);
			runOnlyForDeploymentPostprocessing = 0;
		};
/* End PBXFrameworksBuildPhase section */

/* Begin PBXGroup section */
		818FB87C269C1E2E00FA5B84 = {
			isa = PBXGroup;
			children = (
				818FB887269C1E2E00FA5B84 /* MediaPlayerDemo */,
				818FB886269C1E2E00FA5B84 /* Products */,
			);
			sourceTree = "<group>";
		};
		818FB886269C1E2E00FA5B84 /* Products */ = {
			isa = PBXGroup;
			children = (
				818FB885269C1E2E00FA5B84 /* MediaPlayerDemo.app */,
			);
			name = Products;
			sourceTree = "<group>";
		};
		818FB887269C1E2E00FA5B84 /* MediaPlayerDemo */ = {
			isa = PBXGroup;
			children = (
				818FB888269C1E2E00FA5B84 /* AppDelegate.swift */,
				818FB88C269C1E2E00FA5B84 /* ViewController.swift */,
				818FB88E269C1E2E00FA5B84 /* Main.storyboard */,
				818FB891269C1E2F00FA5B84 /* Assets.xcassets */,
				818FB893269C1E2F00FA5B84 /* LaunchScreen.storyboard */,
				818FB896269C1E2F00FA5B84 /* Info.plist */,
				818FB89C269C1FBC00FA5B84 /* MediaPlayerProtocol.swift */,
				818FB89E269C4F6300FA5B84 /* MediaPlayerViewProtocol.swift */,
			);
			path = MediaPlayerDemo;
			sourceTree = "<group>";
		};
/* End PBXGroup section */

/* Begin PBXNativeTarget section */
		818FB884269C1E2E00FA5B84 /* MediaPlayerDemo */ = {
			isa = PBXNativeTarget;
			buildConfigurationList = 818FB899269C1E2F00FA5B84 /* Build configuration list for PBXNativeTarget "MediaPlayerDemo" */;
			buildPhases = (
				818FB881269C1E2E00FA5B84 /* Sources */,
				818FB882269C1E2E00FA5B84 /* Frameworks */,
				818FB883269C1E2E00FA5B84 /* Resources */,
			);
			buildRules = (
			);
			dependencies = (
			);
			name = MediaPlayerDemo;
			productName = MediaPlayerDemo;
			productReference = 818FB885269C1E2E00FA5B84 /* MediaPlayerDemo.app */;
			productType = "com.apple.product-type.application";
		};
/* End PBXNativeTarget section */

/* Begin PBXProject section */
		818FB87D269C1E2E00FA5B84 /* Project object */ = {
			isa = PBXProject;
			attributes = {
				LastSwiftUpdateCheck = 1250;
				LastUpgradeCheck = 1250;
				TargetAttributes = {
					818FB884269C1E2E00FA5B84 = {
						CreatedOnToolsVersion = 12.5;
					};
				};
			};
			buildConfigurationList = 818FB880269C1E2E00FA5B84 /* Build configuration list for PBXProject "MediaPlayerDemo" */;
			compatibilityVersion = "Xcode 9.3";
			developmentRegion = en;
			hasScannedForEncodings = 0;
			knownRegions = (
				en,
				Base,
			);
			mainGroup = 818FB87C269C1E2E00FA5B84;
			productRefGroup = 818FB886269C1E2E00FA5B84 /* Products */;
			projectDirPath = "";
			projectRoot = "";
			targets = (
				818FB884269C1E2E00FA5B84 /* MediaPlayerDemo */,
			);
		};
/* End PBXProject section */

/* Begin PBXResourcesBuildPhase section */
		818FB883269C1E2E00FA5B84 /* Resources */ = {
			isa = PBXResourcesBuildPhase;
			buildActionMask = 2147483647;
			files = (
				818FB895269C1E2F00FA5B84 /* LaunchScreen.storyboard in Resources */,
				818FB892269C1E2F00FA5B84 /* Assets.xcassets in Resources */,
				818FB890269C1E2E00FA5B84 /* Main.storyboard in Resources */,
			);
			runOnlyForDeploymentPostprocessing = 0;
		};
/* End PBXResourcesBuildPhase section */

/* Begin PBXSourcesBuildPhase section */
		818FB881269C1E2E00FA5B84 /* Sources */ = {
			isa = PBXSourcesBuildPhase;
			buildActionMask = 2147483647;
			files = (
				818FB88D269C1E2E00FA5B84 /* ViewController.swift in Sources */,
				818FB889269C1E2E00FA5B84 /* AppDelegate.swift in Sources */,
				818FB89F269C4F6300FA5B84 /* MediaPlayerViewProtocol.swift in Sources */,
				818FB89D269C1FBC00FA5B84 /* MediaPlayerProtocol.swift in Sources */,
			);
			runOnlyForDeploymentPostprocessing = 0;
		};
/* End PBXSourcesBuildPhase section */

/* Begin PBXVariantGroup section */
		818FB88E269C1E2E00FA5B84 /* Main.storyboard */ = {
			isa = PBXVariantGroup;
			children = (
				818FB88F269C1E2E00FA5B84 /* Base */,
			);
			name = Main.storyboard;
			sourceTree = "<group>";
		};
		818FB893269C1E2F00FA5B84 /* LaunchScreen.storyboard */ = {
			isa = PBXVariantGroup;
			children = (
				818FB894269C1E2F00FA5B84 /* Base */,
			);
			name = LaunchScreen.storyboard;
			sourceTree = "<group>";
		};
/* End PBXVariantGroup section */

/* Begin XCBuildConfiguration section */
		818FB897269C1E2F00FA5B84 /* Debug */ = {
			isa = XCBuildConfiguration;
			buildSettings = {
				ALWAYS_SEARCH_USER_PATHS = NO;
				CLANG_ANALYZER_NONNULL = YES;
				CLANG_ANALYZER_NUMBER_OBJECT_CONVERSION = YES_AGGRESSIVE;
				CLANG_CXX_LANGUAGE_STANDARD = "gnu++14";
				CLANG_CXX_LIBRARY = "libc++";
				CLANG_ENABLE_MODULES = YES;
				CLANG_ENABLE_OBJC_ARC = YES;
				CLANG_ENABLE_OBJC_WEAK = YES;
				CLANG_WARN_BLOCK_CAPTURE_AUTORELEASING = YES;
				CLANG_WARN_BOOL_CONVERSION = YES;
				CLANG_WARN_COMMA = YES;
				CLANG_WARN_CONSTANT_CONVERSION = YES;
				CLANG_WARN_DEPRECATED_OBJC_IMPLEMENTATIONS = YES;
				CLANG_WARN_DIRECT_OBJC_ISA_USAGE = YES_ERROR;
				CLANG_WARN_DOCUMENTATION_COMMENTS = YES;
				CLANG_WARN_EMPTY_BODY = YES;
				CLANG_WARN_ENUM_CONVERSION = YES;
				CLANG_WARN_INFINITE_RECURSION = YES;
				CLANG_WARN_INT_CONVERSION = YES;
				CLANG_WARN_NON_LITERAL_NULL_CONVERSION = YES;
				CLANG_WARN_OBJC_IMPLICIT_RETAIN_SELF = YES;
				CLANG_WARN_OBJC_LITERAL_CONVERSION = YES;
				CLANG_WARN_OBJC_ROOT_CLASS = YES_ERROR;
				CLANG_WARN_QUOTED_INCLUDE_IN_FRAMEWORK_HEADER = YES;
				CLANG_WARN_RANGE_LOOP_ANALYSIS = YES;
				CLANG_WARN_STRICT_PROTOTYPES = YES;
				CLANG_WARN_SUSPICIOUS_MOVE = YES;
				CLANG_WARN_UNGUARDED_AVAILABILITY = YES_AGGRESSIVE;
				CLANG_WARN_UNREACHABLE_CODE = YES;
				CLANG_WARN__DUPLICATE_METHOD_MATCH = YES;
				COPY_PHASE_STRIP = NO;
				DEBUG_INFORMATION_FORMAT = dwarf;
				ENABLE_STRICT_OBJC_MSGSEND = YES;
				ENABLE_TESTABILITY = YES;
				GCC_C_LANGUAGE_STANDARD = gnu11;
				GCC_DYNAMIC_NO_PIC = NO;
				GCC_NO_COMMON_BLOCKS = YES;
				GCC_OPTIMIZATION_LEVEL = 0;
				GCC_PREPROCESSOR_DEFINITIONS = (
					"DEBUG=1",
					"$(inherited)",
				);
				GCC_WARN_64_TO_32_BIT_CONVERSION = YES;
				GCC_WARN_ABOUT_RETURN_TYPE = YES_ERROR;
				GCC_WARN_UNDECLARED_SELECTOR = YES;
				GCC_WARN_UNINITIALIZED_AUTOS = YES_AGGRESSIVE;
				GCC_WARN_UNUSED_FUNCTION = YES;
				GCC_WARN_UNUSED_VARIABLE = YES;
				IPHONEOS_DEPLOYMENT_TARGET = 14.5;
				MTL_ENABLE_DEBUG_INFO = INCLUDE_SOURCE;
				MTL_FAST_MATH = YES;
				ONLY_ACTIVE_ARCH = YES;
				SDKROOT = iphoneos;
				SWIFT_ACTIVE_COMPILATION_CONDITIONS = DEBUG;
				SWIFT_OPTIMIZATION_LEVEL = "-Onone";
			};
			name = Debug;
		};
		818FB898269C1E2F00FA5B84 /* Release */ = {
			isa = XCBuildConfiguration;
			buildSettings = {
				ALWAYS_SEARCH_USER_PATHS = NO;
				CLANG_ANALYZER_NONNULL = YES;
				CLANG_ANALYZER_NUMBER_OBJECT_CONVERSION = YES_AGGRESSIVE;
				CLANG_CXX_LANGUAGE_STANDARD = "gnu++14";
				CLANG_CXX_LIBRARY = "libc++";
				CLANG_ENABLE_MODULES = YES;
				CLANG_ENABLE_OBJC_ARC = YES;
				CLANG_ENABLE_OBJC_WEAK = YES;
				CLANG_WARN_BLOCK_CAPTURE_AUTORELEASING = YES;
				CLANG_WARN_BOOL_CONVERSION = YES;
				CLANG_WARN_COMMA = YES;
				CLANG_WARN_CONSTANT_CONVERSION = YES;
				CLANG_WARN_DEPRECATED_OBJC_IMPLEMENTATIONS = YES;
				CLANG_WARN_DIRECT_OBJC_ISA_USAGE = YES_ERROR;
				CLANG_WARN_DOCUMENTATION_COMMENTS = YES;
				CLANG_WARN_EMPTY_BODY = YES;
				CLANG_WARN_ENUM_CONVERSION = YES;
				CLANG_WARN_INFINITE_RECURSION = YES;
				CLANG_WARN_INT_CONVERSION = YES;
				CLANG_WARN_NON_LITERAL_NULL_CONVERSION = YES;
				CLANG_WARN_OBJC_IMPLICIT_RETAIN_SELF = YES;
				CLANG_WARN_OBJC_LITERAL_CONVERSION = YES;
				CLANG_WARN_OBJC_ROOT_CLASS = YES_ERROR;
				CLANG_WARN_QUOTED_INCLUDE_IN_FRAMEWORK_HEADER = YES;
				CLANG_WARN_RANGE_LOOP_ANALYSIS = YES;
				CLANG_WARN_STRICT_PROTOTYPES = YES;
				CLANG_WARN_SUSPICIOUS_MOVE = YES;
				CLANG_WARN_UNGUARDED_AVAILABILITY = YES_AGGRESSIVE;
				CLANG_WARN_UNREACHABLE_CODE = YES;
				CLANG_WARN__DUPLICATE_METHOD_MATCH = YES;
				COPY_PHASE_STRIP = NO;
				DEBUG_INFORMATION_FORMAT = "dwarf-with-dsym";
				ENABLE_NS_ASSERTIONS = NO;
				ENABLE_STRICT_OBJC_MSGSEND = YES;
				GCC_C_LANGUAGE_STANDARD = gnu11;
				GCC_NO_COMMON_BLOCKS = YES;
				GCC_WARN_64_TO_32_BIT_CONVERSION = YES;
				GCC_WARN_ABOUT_RETURN_TYPE = YES_ERROR;
				GCC_WARN_UNDECLARED_SELECTOR = YES;
				GCC_WARN_UNINITIALIZED_AUTOS = YES_AGGRESSIVE;
				GCC_WARN_UNUSED_FUNCTION = YES;
				GCC_WARN_UNUSED_VARIABLE = YES;
				IPHONEOS_DEPLOYMENT_TARGET = 14.5;
				MTL_ENABLE_DEBUG_INFO = NO;
				MTL_FAST_MATH = YES;
				SDKROOT = iphoneos;
				SWIFT_COMPILATION_MODE = wholemodule;
				SWIFT_OPTIMIZATION_LEVEL = "-O";
				VALIDATE_PRODUCT = YES;
			};
			name = Release;
		};
		818FB89A269C1E2F00FA5B84 /* Debug */ = {
			isa = XCBuildConfiguration;
			buildSettings = {
				ASSETCATALOG_COMPILER_APPICON_NAME = AppIcon;
				ASSETCATALOG_COMPILER_GLOBAL_ACCENT_COLOR_NAME = AccentColor;
				CODE_SIGN_STYLE = Automatic;
				DEVELOPMENT_TEAM = 2PHV6T5L36;
				INFOPLIST_FILE = MediaPlayerDemo/Info.plist;
				IPHONEOS_DEPLOYMENT_TARGET = 9.0;
				LD_RUNPATH_SEARCH_PATHS = (
					"$(inherited)",
					"@executable_path/Frameworks",
				);
				PRODUCT_BUNDLE_IDENTIFIER = com.shafujiu.MediaPlayerDemo;
				PRODUCT_NAME = "$(TARGET_NAME)";
				SWIFT_VERSION = 5.0;
				TARGETED_DEVICE_FAMILY = "1,2";
			};
			name = Debug;
		};
		818FB89B269C1E2F00FA5B84 /* Release */ = {
			isa = XCBuildConfiguration;
			buildSettings = {
				ASSETCATALOG_COMPILER_APPICON_NAME = AppIcon;
				ASSETCATALOG_COMPILER_GLOBAL_ACCENT_COLOR_NAME = AccentColor;
				CODE_SIGN_STYLE = Automatic;
				DEVELOPMENT_TEAM = 2PHV6T5L36;
				INFOPLIST_FILE = MediaPlayerDemo/Info.plist;
				IPHONEOS_DEPLOYMENT_TARGET = 9.0;
				LD_RUNPATH_SEARCH_PATHS = (
					"$(inherited)",
					"@executable_path/Frameworks",
				);
				PRODUCT_BUNDLE_IDENTIFIER = com.shafujiu.MediaPlayerDemo;
				PRODUCT_NAME = "$(TARGET_NAME)";
				SWIFT_VERSION = 5.0;
				TARGETED_DEVICE_FAMILY = "1,2";
			};
			name = Release;
		};
/* End XCBuildConfiguration section */

/* Begin XCConfigurationList section */
		818FB880269C1E2E00FA5B84 /* Build configuration list for PBXProject "MediaPlayerDemo" */ = {
			isa = XCConfigurationList;
			buildConfigurations = (
				818FB897269C1E2F00FA5B84 /* Debug */,
				818FB898269C1E2F00FA5B84 /* Release */,
			);
			defaultConfigurationIsVisible = 0;
			defaultConfigurationName = Release;
		};
		818FB899269C1E2F00FA5B84 /* Build configuration list for PBXNativeTarget "MediaPlayerDemo" */ = {
			isa = XCConfigurationList;
			buildConfigurations = (
				818FB89A269C1E2F00FA5B84 /* Debug */,
				818FB89B269C1E2F00FA5B84 /* Release */,
			);
			defaultConfigurationIsVisible = 0;
			defaultConfigurationName = Release;
		};
/* End XCConfigurationList section */
	};
	rootObject = 818FB87D269C1E2E00FA5B84 /* Project object */;
}
